
Microsoft Visual Studio Solution File, Format Version 12.00
# Visual Studio Version 16
VisualStudioVersion = 16.0.30804.86
MinimumVisualStudioVersion = 10.0.40219.1
Project("{FAE04EC0-301F-11D3-BF4B-00C04F79EFBC}") = "ProyectoCrudDepartamentos", "ProyectoCrudDepartamentos\ProyectoCrudDepartamentos.csproj", "{56C47A90-BED4-497D-AFFB-67A38EFBC9E3}"
EndProject
Global
	GlobalSection(SolutionConfigurationPlatforms) = preSolution
		Debug|Any CPU = Debug|Any CPU
		Release|Any CPU = Release|Any CPU
	EndGlobalSection
	GlobalSection(ProjectConfigurationPlatforms) = postSolution
		{56C47A90-BED4-497D-AFFB-67A38EFBC9E3}.Debug|Any CPU.ActiveCfg = Debug|Any CPU
		{56C47A90-BED4-497D-AFFB-67A38EFBC9E3}.Debug|Any CPU.Build.0 = Debug|Any CPU
		{56C47A90-BED4-497D-AFFB-67A38EFBC9E3}.Release|Any CPU.ActiveCfg = Release|Any CPU
		{56C47A90-BED4-497D-AFFB-67A38EFBC9E3}.Release|Any CPU.Build.0 = Release|Any CPU
	EndGlobalSection
	GlobalSection(SolutionProperties) = preSolution
		HideSolutionNode = FALSE
	EndGlobalSection
	GlobalSection(ExtensibilityGlobals) = postSolution
		SolutionGuid = {6547A6CA-B22F-4548-B70B-3E3126C09D25}
	EndGlobalSection
EndGlobal
